
Microsoft Visual Studio Solution File, Format Version 12.00
# Visual Studio Version 16
VisualStudioVersion = 16.0.33529.622
MinimumVisualStudioVersion = 10.0.40219.1
Project("{FAE04EC0-301F-11D3-BF4B-00C04F79EFBC}") = "RemoveTagsHTML", "RemoveTagsHTML.csproj", "{93D6958E-EB21-437F-ABC1-270B1EFD62CE}"
EndProject
Global
	GlobalSection(SolutionConfigurationPlatforms) = preSolution
		Debug|Any CPU = Debug|Any CPU
		Release|Any CPU = Release|Any CPU
	EndGlobalSection
	GlobalSection(ProjectConfigurationPlatforms) = postSolution
		{93D6958E-EB21-437F-ABC1-270B1EFD62CE}.Debug|Any CPU.ActiveCfg = Debug|Any CPU
		{93D6958E-EB21-437F-ABC1-270B1EFD62CE}.Debug|Any CPU.Build.0 = Debug|Any CPU
		{93D6958E-EB21-437F-ABC1-270B1EFD62CE}.Release|Any CPU.ActiveCfg = Release|Any CPU
		{93D6958E-EB21-437F-ABC1-270B1EFD62CE}.Release|Any CPU.Build.0 = Release|Any CPU
	EndGlobalSection
	GlobalSection(SolutionProperties) = preSolution
		HideSolutionNode = FALSE
	EndGlobalSection
	GlobalSection(ExtensibilityGlobals) = postSolution
		SolutionGuid = {9B388BD2-1458-41BF-BF95-D9E7B68C752E}
	EndGlobalSection
EndGlobal
